{
  "version": 4,
  "terraform_version": "1.2.3",
  "serial": 176,
  "lineage": "6352feec-f306-b6f6-396e-1f36bd0f035b",
  "outputs": {},
  "resources": [
    {
      "mode": "managed",
      "type": "google_compute_global_address",
      "name": "private_ip_address",
      "provider": "provider[\"registry.terraform.io/hashicorp/google-beta\"]",
      "instances": [
        {
          "schema_version": 0,
          "attributes": {
            "address": "10.16.0.0",
            "address_type": "INTERNAL",
            "creation_timestamp": "2022-07-15T02:53:07.823-07:00",
            "description": "",
            "id": "projects/appsbroker-web-application/global/addresses/app-db-ip-address",
            "ip_version": "",
            "label_fingerprint": "42WmSpB8rSM=",
            "labels": {},
            "name": "app-db-ip-address",
            "network": "https://www.googleapis.com/compute/v1/projects/appsbroker-web-application/global/networks/app-network",
            "prefix_length": 16,
            "project": "appsbroker-web-application",
            "purpose": "VPC_PEERING",
            "self_link": "https://www.googleapis.com/compute/v1/projects/appsbroker-web-application/global/addresses/app-db-ip-address",
            "timeouts": null
          },
          "sensitive_attributes": [],
          "private": "eyJlMmJmYjczMC1lY2FhLTExZTYtOGY4OC0zNDM2M2JjN2M0YzAiOnsiY3JlYXRlIjoxMjAwMDAwMDAwMDAwLCJkZWxldGUiOjEyMDAwMDAwMDAwMDAsInVwZGF0ZSI6MTIwMDAwMDAwMDAwMH19",
          "dependencies": [
            "google_compute_network.app-network"
          ],
          "create_before_destroy": true
        }
      ]
    },
    {
      "mode": "managed",
      "type": "google_compute_network",
      "name": "app-network",
      "provider": "provider[\"registry.terraform.io/hashicorp/google\"]",
      "instances": [
        {
          "schema_version": 0,
          "attributes": {
            "auto_create_subnetworks": false,
            "delete_default_routes_on_create": false,
            "description": "",
            "gateway_ipv4": "",
            "id": "projects/appsbroker-web-application/global/networks/app-network",
            "mtu": 0,
            "name": "app-network",
            "project": "appsbroker-web-application",
            "routing_mode": "REGIONAL",
            "self_link": "https://www.googleapis.com/compute/v1/projects/appsbroker-web-application/global/networks/app-network",
            "timeouts": null
          },
          "sensitive_attributes": [],
          "private": "eyJlMmJmYjczMC1lY2FhLTExZTYtOGY4OC0zNDM2M2JjN2M0YzAiOnsiY3JlYXRlIjoyNDAwMDAwMDAwMDAsImRlbGV0ZSI6MjQwMDAwMDAwMDAwLCJ1cGRhdGUiOjI0MDAwMDAwMDAwMH19",
          "create_before_destroy": true
        }
      ]
    },
    {
      "mode": "managed",
      "type": "google_compute_subnetwork",
      "name": "app-subnet",
      "provider": "provider[\"registry.terraform.io/hashicorp/google\"]",
      "instances": [
        {
          "schema_version": 0,
          "attributes": {
            "creation_timestamp": "2022-07-15T02:53:08.594-07:00",
            "description": "",
            "external_ipv6_prefix": "",
            "fingerprint": null,
            "gateway_address": "10.10.10.1",
            "id": "projects/appsbroker-web-application/regions/europe-west2/subnetworks/app-subnet",
            "ip_cidr_range": "10.10.10.0/24",
            "ipv6_access_type": "",
            "ipv6_cidr_range": "",
            "log_config": [],
            "name": "app-subnet",
            "network": "https://www.googleapis.com/compute/v1/projects/appsbroker-web-application/global/networks/app-network",
            "private_ip_google_access": false,
            "private_ipv6_google_access": "DISABLE_GOOGLE_ACCESS",
            "project": "appsbroker-web-application",
            "purpose": "PRIVATE",
            "region": "europe-west2",
            "role": "",
            "secondary_ip_range": [],
            "self_link": "https://www.googleapis.com/compute/v1/projects/appsbroker-web-application/regions/europe-west2/subnetworks/app-subnet",
            "stack_type": "IPV4_ONLY",
            "timeouts": null
          },
          "sensitive_attributes": [],
          "private": "eyJlMmJmYjczMC1lY2FhLTExZTYtOGY4OC0zNDM2M2JjN2M0YzAiOnsiY3JlYXRlIjozNjAwMDAwMDAwMDAsImRlbGV0ZSI6MzYwMDAwMDAwMDAwLCJ1cGRhdGUiOjM2MDAwMDAwMDAwMH19",
          "dependencies": [
            "google_compute_network.app-network"
          ]
        }
      ]
    },
    {
      "mode": "managed",
      "type": "google_service_networking_connection",
      "name": "private_vpc_connection",
      "provider": "provider[\"registry.terraform.io/hashicorp/google-beta\"]",
      "instances": [
        {
          "schema_version": 0,
          "attributes": {
            "id": "projects%2Fappsbroker-web-application%2Fglobal%2Fnetworks%2Fapp-network:servicenetworking.googleapis.com",
            "network": "projects/appsbroker-web-application/global/networks/app-network",
            "peering": "servicenetworking-googleapis-com",
            "reserved_peering_ranges": [
              "app-db-ip-address"
            ],
            "service": "servicenetworking.googleapis.com",
            "timeouts": null
          },
          "sensitive_attributes": [],
          "private": "eyJlMmJmYjczMC1lY2FhLTExZTYtOGY4OC0zNDM2M2JjN2M0YzAiOnsiY3JlYXRlIjo2MDAwMDAwMDAwMDAsImRlbGV0ZSI6NjAwMDAwMDAwMDAwLCJ1cGRhdGUiOjYwMDAwMDAwMDAwMH19",
          "dependencies": [
            "google_compute_global_address.private_ip_address",
            "google_compute_network.app-network"
          ],
          "create_before_destroy": true
        }
      ]
    },
    {
      "mode": "managed",
      "type": "google_sql_database_instance",
      "name": "app-sql",
      "provider": "provider[\"registry.terraform.io/hashicorp/google\"]",
      "instances": [
        {
          "schema_version": 0,
          "attributes": {
            "clone": [],
            "connection_name": "appsbroker-web-application:europe-west2:appsbroker-web-application-db",
            "database_version": "MYSQL_8_0",
            "deletion_protection": true,
            "first_ip_address": "10.16.0.3",
            "id": "appsbroker-web-application-db",
            "ip_address": [
              {
                "ip_address": "10.16.0.3",
                "time_to_retire": "",
                "type": "PRIVATE"
              }
            ],
            "master_instance_name": "",
            "name": "appsbroker-web-application-db",
            "private_ip_address": "10.16.0.3",
            "project": "appsbroker-web-application",
            "public_ip_address": "",
            "region": "europe-west2",
            "replica_configuration": [],
            "restore_backup_context": [],
            "root_password": null,
            "self_link": "https://sqladmin.googleapis.com/sql/v1beta4/projects/appsbroker-web-application/instances/appsbroker-web-application-db",
            "server_ca_cert": [
              {
                "cert": "-----BEGIN CERTIFICATE-----\nMIIDfzCCAmegAwIBAgIBADANBgkqhkiG9w0BAQsFADB3MS0wKwYDVQQuEyQwNzgz\nYmI0YS0wYTA3LTQwM2UtOWQ3NC00ZDJkNDZjODI0MDcxIzAhBgNVBAMTGkdvb2ds\nZSBDbG91ZCBTUUwgU2VydmVyIENBMRQwEgYDVQQKEwtHb29nbGUsIEluYzELMAkG\nA1UEBhMCVVMwHhcNMjIwNzE1MDk1NTQ4WhcNMzIwNzEyMDk1NjQ4WjB3MS0wKwYD\nVQQuEyQwNzgzYmI0YS0wYTA3LTQwM2UtOWQ3NC00ZDJkNDZjODI0MDcxIzAhBgNV\nBAMTGkdvb2dsZSBDbG91ZCBTUUwgU2VydmVyIENBMRQwEgYDVQQKEwtHb29nbGUs\nIEluYzELMAkGA1UEBhMCVVMwggEiMA0GCSqGSIb3DQEBAQUAA4IBDwAwggEKAoIB\nAQCPeUtrG+STp/VQc+Rxck9OLMgrRVl1qKYDO5horhy30iEDReq4BmReQwip+VDm\ntSGFKmSmavF/nrSYKm4d5ye0BuWZn4YRWE7xDJCluZdtVC8TWz5a9PXyd0bodFjg\noQzie95Z1lqVIAxAYxebZziMbRsNhrncNXxp9hTNfRIPM+53RQIBkn74bh+e4X1G\nXeL7mhi6BwQ1H4UFgk3OfFSdypdD2JBE9erDx3nuz4fifkO3TnC0SSHwLW+XJOEE\n8jegzEYZO+c/AJmyam528Xgu41WPi6QpKndxJCbnAHj00rFAPAi31l5hL8gLenzd\nn1kb6v5BZBvNn+Ua1aVzR4ftAgMBAAGjFjAUMBIGA1UdEwEB/wQIMAYBAf8CAQAw\nDQYJKoZIhvcNAQELBQADggEBADDpI8Fo14il9hAwKDfudj1nB5scf/iesfwplMpp\n9aqex6fe8Z6PAl8tXxDcpz6P1p/2TJ3DyT2DpyK99kNRbotiBbUclBCK7QS3p2vD\nrSyaCpM4lzjI1OaS/hNFkx03woprXp0sDfQ28vj/rg+1rR9indUP2WC1gVFLA8kU\nL8FtCHMzGQmfgFJQBgfknteKy7CdTUak06ojLm9GjVNwy8yXeHfgvodUpmElpENt\nLmdU34mqi/eeyqODIkBTDNpUqzwAjpKtpIQb1X6FiTBelB9lER/MBKSKZgzmYJgo\nndDhACHITvDjyAOVRxPv9d+cdq9zufCThOiTNp+Xk8ibIpk=\n-----END CERTIFICATE-----",
                "common_name": "C=US,O=Google\\, Inc,CN=Google Cloud SQL Server CA,dnQualifier=0783bb4a-0a07-403e-9d74-4d2d46c82407",
                "create_time": "2022-07-15T09:55:48.604Z",
                "expiration_time": "2032-07-12T09:56:48.604Z",
                "sha1_fingerprint": "7fc7ef8f234bcd2e82cf7440230104dde4046089"
              }
            ],
            "service_account_email_address": "p883652296203-dnukcv@gcp-sa-cloud-sql.iam.gserviceaccount.com",
            "settings": [
              {
                "activation_policy": "ALWAYS",
                "availability_type": "ZONAL",
                "backup_configuration": [
                  {
                    "backup_retention_settings": [
                      {
                        "retained_backups": 7,
                        "retention_unit": "COUNT"
                      }
                    ],
                    "binary_log_enabled": false,
                    "enabled": false,
                    "location": "",
                    "point_in_time_recovery_enabled": false,
                    "start_time": "13:00",
                    "transaction_log_retention_days": 7
                  }
                ],
                "collation": "",
                "database_flags": [],
                "disk_autoresize": true,
                "disk_autoresize_limit": 0,
                "disk_size": 10,
                "disk_type": "PD_SSD",
                "insights_config": [],
                "ip_configuration": [
                  {
                    "authorized_networks": [],
                    "ipv4_enabled": false,
                    "private_network": "projects/appsbroker-web-application/global/networks/app-network",
                    "require_ssl": false
                  }
                ],
                "location_preference": [
                  {
                    "follow_gae_application": "",
                    "zone": "europe-west2-b"
                  }
                ],
                "maintenance_window": [],
                "pricing_plan": "PER_USE",
                "tier": "db-f1-micro",
                "user_labels": {},
                "version": 1
              }
            ],
            "timeouts": null
          },
          "sensitive_attributes": [],
          "private": "eyJlMmJmYjczMC1lY2FhLTExZTYtOGY4OC0zNDM2M2JjN2M0YzAiOnsiY3JlYXRlIjoxODAwMDAwMDAwMDAwLCJkZWxldGUiOjE4MDAwMDAwMDAwMDAsInVwZGF0ZSI6MTgwMDAwMDAwMDAwMH19",
          "dependencies": [
            "google_compute_global_address.private_ip_address",
            "google_compute_network.app-network",
            "google_service_networking_connection.private_vpc_connection"
          ],
          "create_before_destroy": true
        }
      ]
    }
  ]
}
