{
  "version": 4,
  "terraform_version": "1.2.3",
  "serial": 729,
  "lineage": "faa386af-c3e7-1ae8-25fb-cb0790e23e4c",
  "outputs": {},
  "resources": [
    {
      "mode": "managed",
      "type": "google_compute_firewall",
      "name": "http",
      "provider": "provider[\"registry.terraform.io/hashicorp/google\"]",
      "instances": [
        {
          "schema_version": 1,
          "attributes": {
            "allow": [
              {
                "ports": [
                  "80"
                ],
                "protocol": "tcp"
              }
            ],
            "creation_timestamp": "2022-06-29T17:16:25.167-07:00",
            "deny": [],
            "description": "Firewall rule to allow HTTP traffic on target instances",
            "destination_ranges": [],
            "direction": "INGRESS",
            "disabled": false,
            "enable_logging": null,
            "id": "projects/appsbroker-web-application/global/firewalls/app-network-http-allow",
            "log_config": [],
            "name": "app-network-http-allow",
            "network": "https://www.googleapis.com/compute/v1/projects/appsbroker-web-application/global/networks/app-network",
            "priority": 1000,
            "project": "appsbroker-web-application",
            "self_link": "https://www.googleapis.com/compute/v1/projects/appsbroker-web-application/global/firewalls/app-network-http-allow",
            "source_ranges": [],
            "source_service_accounts": [],
            "source_tags": [
              "web"
            ],
            "target_service_accounts": [],
            "target_tags": [
              "allow-http"
            ],
            "timeouts": null
          },
          "sensitive_attributes": [],
          "private": "eyJlMmJmYjczMC1lY2FhLTExZTYtOGY4OC0zNDM2M2JjN2M0YzAiOnsiY3JlYXRlIjoyNDAwMDAwMDAwMDAsImRlbGV0ZSI6MjQwMDAwMDAwMDAwLCJ1cGRhdGUiOjI0MDAwMDAwMDAwMH0sInNjaGVtYV92ZXJzaW9uIjoiMSJ9",
          "dependencies": [
            "google_compute_network.app-network"
          ]
        }
      ]
    },
    {
      "mode": "managed",
      "type": "google_compute_global_address",
      "name": "private_ip_address",
      "provider": "provider[\"registry.terraform.io/hashicorp/google-beta\"]",
      "instances": [
        {
          "schema_version": 0,
          "attributes": {
            "address": "10.3.0.0",
            "address_type": "INTERNAL",
            "creation_timestamp": "2022-06-29T17:16:29.271-07:00",
            "description": "",
            "id": "projects/appsbroker-web-application/global/addresses/app-db-ip-address",
            "ip_version": "",
            "label_fingerprint": "42WmSpB8rSM=",
            "labels": {},
            "name": "app-db-ip-address",
            "network": "https://www.googleapis.com/compute/v1/projects/appsbroker-web-application/global/networks/app-network",
            "prefix_length": 16,
            "project": "appsbroker-web-application",
            "purpose": "VPC_PEERING",
            "self_link": "https://www.googleapis.com/compute/v1/projects/appsbroker-web-application/global/addresses/app-db-ip-address",
            "timeouts": null
          },
          "sensitive_attributes": [],
          "private": "eyJlMmJmYjczMC1lY2FhLTExZTYtOGY4OC0zNDM2M2JjN2M0YzAiOnsiY3JlYXRlIjoxMjAwMDAwMDAwMDAwLCJkZWxldGUiOjEyMDAwMDAwMDAwMDAsInVwZGF0ZSI6MTIwMDAwMDAwMDAwMH19",
          "dependencies": [
            "google_compute_network.app-network"
          ],
          "create_before_destroy": true
        }
      ]
    },
    {
      "mode": "managed",
      "type": "google_compute_network",
      "name": "app-network",
      "provider": "provider[\"registry.terraform.io/hashicorp/google\"]",
      "instances": [
        {
          "schema_version": 0,
          "attributes": {
            "auto_create_subnetworks": false,
            "delete_default_routes_on_create": false,
            "description": "",
            "gateway_ipv4": "",
            "id": "projects/appsbroker-web-application/global/networks/app-network",
            "mtu": 0,
            "name": "app-network",
            "project": "appsbroker-web-application",
            "routing_mode": "REGIONAL",
            "self_link": "https://www.googleapis.com/compute/v1/projects/appsbroker-web-application/global/networks/app-network",
            "timeouts": null
          },
          "sensitive_attributes": [],
          "private": "eyJlMmJmYjczMC1lY2FhLTExZTYtOGY4OC0zNDM2M2JjN2M0YzAiOnsiY3JlYXRlIjoyNDAwMDAwMDAwMDAsImRlbGV0ZSI6MjQwMDAwMDAwMDAwLCJ1cGRhdGUiOjI0MDAwMDAwMDAwMH19",
          "create_before_destroy": true
        }
      ]
    },
    {
      "mode": "managed",
      "type": "google_compute_router",
      "name": "app-router",
      "provider": "provider[\"registry.terraform.io/hashicorp/google\"]",
      "instances": [
        {
          "schema_version": 0,
          "attributes": {
            "bgp": [],
            "creation_timestamp": "2022-06-29T17:16:25.812-07:00",
            "description": "",
            "encrypted_interconnect_router": false,
            "id": "projects/appsbroker-web-application/regions/europe-west2/routers/app-network-router",
            "name": "app-network-router",
            "network": "https://www.googleapis.com/compute/v1/projects/appsbroker-web-application/global/networks/app-network",
            "project": "appsbroker-web-application",
            "region": "europe-west2",
            "self_link": "https://www.googleapis.com/compute/v1/projects/appsbroker-web-application/regions/europe-west2/routers/app-network-router",
            "timeouts": null
          },
          "sensitive_attributes": [],
          "private": "eyJlMmJmYjczMC1lY2FhLTExZTYtOGY4OC0zNDM2M2JjN2M0YzAiOnsiY3JlYXRlIjoyNDAwMDAwMDAwMDAsImRlbGV0ZSI6MjQwMDAwMDAwMDAwLCJ1cGRhdGUiOjI0MDAwMDAwMDAwMH19",
          "dependencies": [
            "google_compute_network.app-network"
          ]
        }
      ]
    },
    {
      "mode": "managed",
      "type": "google_compute_router_nat",
      "name": "app-nat",
      "provider": "provider[\"registry.terraform.io/hashicorp/google\"]",
      "instances": [
        {
          "schema_version": 0,
          "attributes": {
            "drain_nat_ips": [],
            "enable_endpoint_independent_mapping": true,
            "icmp_idle_timeout_sec": 30,
            "id": "appsbroker-web-application/europe-west2/app-network-router/app-network-nat",
            "log_config": [],
            "min_ports_per_vm": 0,
            "name": "app-network-nat",
            "nat_ip_allocate_option": "AUTO_ONLY",
            "nat_ips": [],
            "project": "appsbroker-web-application",
            "region": "europe-west2",
            "router": "app-network-router",
            "source_subnetwork_ip_ranges_to_nat": "ALL_SUBNETWORKS_ALL_IP_RANGES",
            "subnetwork": [],
            "tcp_established_idle_timeout_sec": 1200,
            "tcp_transitory_idle_timeout_sec": 30,
            "timeouts": null,
            "udp_idle_timeout_sec": 30
          },
          "sensitive_attributes": [],
          "private": "eyJlMmJmYjczMC1lY2FhLTExZTYtOGY4OC0zNDM2M2JjN2M0YzAiOnsiY3JlYXRlIjo2MDAwMDAwMDAwMDAsImRlbGV0ZSI6NjAwMDAwMDAwMDAwLCJ1cGRhdGUiOjYwMDAwMDAwMDAwMH19",
          "dependencies": [
            "google_compute_network.app-network",
            "google_compute_router.app-router"
          ]
        }
      ]
    },
    {
      "mode": "managed",
      "type": "google_compute_subnetwork",
      "name": "app-subnet",
      "provider": "provider[\"registry.terraform.io/hashicorp/google\"]",
      "instances": [
        {
          "schema_version": 0,
          "attributes": {
            "creation_timestamp": "2022-06-29T17:16:26.021-07:00",
            "description": "",
            "external_ipv6_prefix": "",
            "fingerprint": null,
            "gateway_address": "10.10.10.1",
            "id": "projects/appsbroker-web-application/regions/europe-west2/subnetworks/app-subnet",
            "ip_cidr_range": "10.10.10.0/24",
            "ipv6_access_type": "",
            "ipv6_cidr_range": "",
            "log_config": [],
            "name": "app-subnet",
            "network": "https://www.googleapis.com/compute/v1/projects/appsbroker-web-application/global/networks/app-network",
            "private_ip_google_access": false,
            "private_ipv6_google_access": "DISABLE_GOOGLE_ACCESS",
            "project": "appsbroker-web-application",
            "purpose": "PRIVATE",
            "region": "europe-west2",
            "role": "",
            "secondary_ip_range": [],
            "self_link": "https://www.googleapis.com/compute/v1/projects/appsbroker-web-application/regions/europe-west2/subnetworks/app-subnet",
            "stack_type": "IPV4_ONLY",
            "timeouts": null
          },
          "sensitive_attributes": [],
          "private": "eyJlMmJmYjczMC1lY2FhLTExZTYtOGY4OC0zNDM2M2JjN2M0YzAiOnsiY3JlYXRlIjozNjAwMDAwMDAwMDAsImRlbGV0ZSI6MzYwMDAwMDAwMDAwLCJ1cGRhdGUiOjM2MDAwMDAwMDAwMH19",
          "dependencies": [
            "google_compute_network.app-network"
          ]
        }
      ]
    },
    {
      "mode": "managed",
      "type": "google_project_service",
      "name": "service",
      "provider": "provider[\"registry.terraform.io/hashicorp/google\"]",
      "instances": [
        {
          "index_key": "appengine.googleapis.com",
          "schema_version": 0,
          "attributes": {
            "disable_dependent_services": null,
            "disable_on_destroy": false,
            "id": "appsbroker-web-application/appengine.googleapis.com",
            "project": "appsbroker-web-application",
            "service": "appengine.googleapis.com",
            "timeouts": null
          },
          "sensitive_attributes": [],
          "private": "eyJlMmJmYjczMC1lY2FhLTExZTYtOGY4OC0zNDM2M2JjN2M0YzAiOnsiY3JlYXRlIjoxMjAwMDAwMDAwMDAwLCJkZWxldGUiOjEyMDAwMDAwMDAwMDAsInJlYWQiOjYwMDAwMDAwMDAwMCwidXBkYXRlIjoxMjAwMDAwMDAwMDAwfX0="
        },
        {
          "index_key": "appengineflex.googleapis.com",
          "schema_version": 0,
          "attributes": {
            "disable_dependent_services": null,
            "disable_on_destroy": false,
            "id": "appsbroker-web-application/appengineflex.googleapis.com",
            "project": "appsbroker-web-application",
            "service": "appengineflex.googleapis.com",
            "timeouts": null
          },
          "sensitive_attributes": [],
          "private": "eyJlMmJmYjczMC1lY2FhLTExZTYtOGY4OC0zNDM2M2JjN2M0YzAiOnsiY3JlYXRlIjoxMjAwMDAwMDAwMDAwLCJkZWxldGUiOjEyMDAwMDAwMDAwMDAsInJlYWQiOjYwMDAwMDAwMDAwMCwidXBkYXRlIjoxMjAwMDAwMDAwMDAwfX0="
        },
        {
          "index_key": "cloudbuild.googleapis.com",
          "schema_version": 0,
          "attributes": {
            "disable_dependent_services": null,
            "disable_on_destroy": false,
            "id": "appsbroker-web-application/cloudbuild.googleapis.com",
            "project": "appsbroker-web-application",
            "service": "cloudbuild.googleapis.com",
            "timeouts": null
          },
          "sensitive_attributes": [],
          "private": "eyJlMmJmYjczMC1lY2FhLTExZTYtOGY4OC0zNDM2M2JjN2M0YzAiOnsiY3JlYXRlIjoxMjAwMDAwMDAwMDAwLCJkZWxldGUiOjEyMDAwMDAwMDAwMDAsInJlYWQiOjYwMDAwMDAwMDAwMCwidXBkYXRlIjoxMjAwMDAwMDAwMDAwfX0="
        },
        {
          "index_key": "compute.googleapis.com",
          "schema_version": 0,
          "attributes": {
            "disable_dependent_services": null,
            "disable_on_destroy": false,
            "id": "appsbroker-web-application/compute.googleapis.com",
            "project": "appsbroker-web-application",
            "service": "compute.googleapis.com",
            "timeouts": null
          },
          "sensitive_attributes": [],
          "private": "eyJlMmJmYjczMC1lY2FhLTExZTYtOGY4OC0zNDM2M2JjN2M0YzAiOnsiY3JlYXRlIjoxMjAwMDAwMDAwMDAwLCJkZWxldGUiOjEyMDAwMDAwMDAwMDAsInJlYWQiOjYwMDAwMDAwMDAwMCwidXBkYXRlIjoxMjAwMDAwMDAwMDAwfX0="
        },
        {
          "index_key": "iam.googleapis.com",
          "schema_version": 0,
          "attributes": {
            "disable_dependent_services": null,
            "disable_on_destroy": false,
            "id": "appsbroker-web-application/iam.googleapis.com",
            "project": "appsbroker-web-application",
            "service": "iam.googleapis.com",
            "timeouts": null
          },
          "sensitive_attributes": [],
          "private": "eyJlMmJmYjczMC1lY2FhLTExZTYtOGY4OC0zNDM2M2JjN2M0YzAiOnsiY3JlYXRlIjoxMjAwMDAwMDAwMDAwLCJkZWxldGUiOjEyMDAwMDAwMDAwMDAsInJlYWQiOjYwMDAwMDAwMDAwMCwidXBkYXRlIjoxMjAwMDAwMDAwMDAwfX0="
        },
        {
          "index_key": "secretmanager.googleapis.com",
          "schema_version": 0,
          "attributes": {
            "disable_dependent_services": null,
            "disable_on_destroy": false,
            "id": "appsbroker-web-application/secretmanager.googleapis.com",
            "project": "appsbroker-web-application",
            "service": "secretmanager.googleapis.com",
            "timeouts": null
          },
          "sensitive_attributes": [],
          "private": "eyJlMmJmYjczMC1lY2FhLTExZTYtOGY4OC0zNDM2M2JjN2M0YzAiOnsiY3JlYXRlIjoxMjAwMDAwMDAwMDAwLCJkZWxldGUiOjEyMDAwMDAwMDAwMDAsInJlYWQiOjYwMDAwMDAwMDAwMCwidXBkYXRlIjoxMjAwMDAwMDAwMDAwfX0="
        },
        {
          "index_key": "servicenetworking.googleapis.com",
          "schema_version": 0,
          "attributes": {
            "disable_dependent_services": null,
            "disable_on_destroy": false,
            "id": "appsbroker-web-application/servicenetworking.googleapis.com",
            "project": "appsbroker-web-application",
            "service": "servicenetworking.googleapis.com",
            "timeouts": null
          },
          "sensitive_attributes": [],
          "private": "eyJlMmJmYjczMC1lY2FhLTExZTYtOGY4OC0zNDM2M2JjN2M0YzAiOnsiY3JlYXRlIjoxMjAwMDAwMDAwMDAwLCJkZWxldGUiOjEyMDAwMDAwMDAwMDAsInJlYWQiOjYwMDAwMDAwMDAwMCwidXBkYXRlIjoxMjAwMDAwMDAwMDAwfX0="
        }
      ]
    },
    {
      "mode": "managed",
      "type": "google_secret_manager_secret",
      "name": "app-secret",
      "provider": "provider[\"registry.terraform.io/hashicorp/google-beta\"]",
      "instances": [
        {
          "schema_version": 0,
          "attributes": {
            "create_time": "2022-06-30T00:16:29.199966Z",
            "expire_time": "",
            "id": "projects/appsbroker-web-application/secrets/app-token",
            "labels": {},
            "name": "projects/883652296203/secrets/app-token",
            "project": "appsbroker-web-application",
            "replication": [
              {
                "automatic": false,
                "user_managed": [
                  {
                    "replicas": [
                      {
                        "customer_managed_encryption": [],
                        "location": "europe-west1"
                      }
                    ]
                  }
                ]
              }
            ],
            "rotation": [],
            "secret_id": "app-token",
            "timeouts": null,
            "topics": [],
            "ttl": null
          },
          "sensitive_attributes": [],
          "private": "eyJlMmJmYjczMC1lY2FhLTExZTYtOGY4OC0zNDM2M2JjN2M0YzAiOnsiY3JlYXRlIjoxMjAwMDAwMDAwMDAwLCJkZWxldGUiOjEyMDAwMDAwMDAwMDAsInVwZGF0ZSI6MTIwMDAwMDAwMDAwMH19",
          "create_before_destroy": true
        }
      ]
    },
    {
      "mode": "managed",
      "type": "google_secret_manager_secret_iam_member",
      "name": "app-secret-member",
      "provider": "provider[\"registry.terraform.io/hashicorp/google-beta\"]",
      "instances": [
        {
          "schema_version": 0,
          "attributes": {
            "condition": [],
            "etag": "BwXiny5sxm0=",
            "id": "projects/appsbroker-web-application/secrets/app-token/roles/secretmanager.secretAccessor/serviceAccount:appsbroker-web-application-svc@appsbroker-web-application.iam.gserviceaccount.com",
            "member": "serviceAccount:appsbroker-web-application-svc@appsbroker-web-application.iam.gserviceaccount.com",
            "project": "appsbroker-web-application",
            "role": "roles/secretmanager.secretAccessor",
            "secret_id": "projects/appsbroker-web-application/secrets/app-token"
          },
          "sensitive_attributes": [],
          "private": "bnVsbA==",
          "dependencies": [
            "google_secret_manager_secret.app-secret",
            "google_service_account.service_account"
          ]
        }
      ]
    },
    {
      "mode": "managed",
      "type": "google_secret_manager_secret_version",
      "name": "app-secret-version",
      "provider": "provider[\"registry.terraform.io/hashicorp/google-beta\"]",
      "instances": [
        {
          "schema_version": 0,
          "attributes": {
            "create_time": "2022-06-30T00:32:56.882850Z",
            "destroy_time": "",
            "enabled": true,
            "id": "projects/883652296203/secrets/app-token/versions/1",
            "name": "projects/883652296203/secrets/app-token/versions/1",
            "secret": "projects/appsbroker-web-application/secrets/app-token",
            "secret_data": "{\"DB_HOST\":\"10.3.0.3:3306\",\"DB_NAME\":\"app-db\",\"DB_PASS\":\"M:e2]czoMC3X6AGJ\",\"DB_USER\":\"root\"}",
            "timeouts": null
          },
          "sensitive_attributes": [
            [
              {
                "type": "get_attr",
                "value": "secret_data"
              }
            ]
          ],
          "private": "eyJlMmJmYjczMC1lY2FhLTExZTYtOGY4OC0zNDM2M2JjN2M0YzAiOnsiY3JlYXRlIjoxMjAwMDAwMDAwMDAwLCJkZWxldGUiOjEyMDAwMDAwMDAwMDB9fQ==",
          "dependencies": [
            "google_compute_network.app-network",
            "google_secret_manager_secret.app-secret",
            "google_service_networking_connection.private_vpc_connection",
            "google_sql_database_instance.app-sql",
            "random_password.mysql_root"
          ],
          "create_before_destroy": true
        }
      ]
    },
    {
      "mode": "managed",
      "type": "google_service_account",
      "name": "service_account",
      "provider": "provider[\"registry.terraform.io/hashicorp/google\"]",
      "instances": [
        {
          "schema_version": 0,
          "attributes": {
            "account_id": "appsbroker-web-application-svc",
            "description": "",
            "disabled": false,
            "display_name": "appsbroker-web-application-svc",
            "email": "appsbroker-web-application-svc@appsbroker-web-application.iam.gserviceaccount.com",
            "id": "projects/appsbroker-web-application/serviceAccounts/appsbroker-web-application-svc@appsbroker-web-application.iam.gserviceaccount.com",
            "name": "projects/appsbroker-web-application/serviceAccounts/appsbroker-web-application-svc@appsbroker-web-application.iam.gserviceaccount.com",
            "project": "appsbroker-web-application",
            "timeouts": null,
            "unique_id": "106370892804096777791"
          },
          "sensitive_attributes": [],
          "private": "eyJlMmJmYjczMC1lY2FhLTExZTYtOGY4OC0zNDM2M2JjN2M0YzAiOnsiY3JlYXRlIjozMDAwMDAwMDAwMDB9fQ==",
          "create_before_destroy": true
        }
      ]
    },
    {
      "mode": "managed",
      "type": "google_service_networking_connection",
      "name": "private_vpc_connection",
      "provider": "provider[\"registry.terraform.io/hashicorp/google-beta\"]",
      "instances": [
        {
          "schema_version": 0,
          "attributes": {
            "id": "projects%2Fappsbroker-web-application%2Fglobal%2Fnetworks%2Fapp-network:servicenetworking.googleapis.com",
            "network": "projects/appsbroker-web-application/global/networks/app-network",
            "peering": "servicenetworking-googleapis-com",
            "reserved_peering_ranges": [
              "app-db-ip-address"
            ],
            "service": "servicenetworking.googleapis.com",
            "timeouts": null
          },
          "sensitive_attributes": [],
          "private": "eyJlMmJmYjczMC1lY2FhLTExZTYtOGY4OC0zNDM2M2JjN2M0YzAiOnsiY3JlYXRlIjo2MDAwMDAwMDAwMDAsImRlbGV0ZSI6NjAwMDAwMDAwMDAwLCJ1cGRhdGUiOjYwMDAwMDAwMDAwMH19",
          "dependencies": [
            "google_compute_global_address.private_ip_address",
            "google_compute_network.app-network"
          ],
          "create_before_destroy": true
        }
      ]
    },
    {
      "mode": "managed",
      "type": "google_sql_database",
      "name": "database",
      "provider": "provider[\"registry.terraform.io/hashicorp/google\"]",
      "instances": [
        {
          "schema_version": 0,
          "attributes": {
            "charset": "utf8mb4",
            "collation": "utf8mb4_0900_ai_ci",
            "id": "projects/appsbroker-web-application/instances/appsbroker-web-application-db10/databases/app-db",
            "instance": "appsbroker-web-application-db10",
            "name": "app-db",
            "project": "appsbroker-web-application",
            "self_link": "https://sqladmin.googleapis.com/sql/v1beta4/projects/appsbroker-web-application/instances/appsbroker-web-application-db10/databases/app-db",
            "timeouts": null
          },
          "sensitive_attributes": [],
          "private": "eyJlMmJmYjczMC1lY2FhLTExZTYtOGY4OC0zNDM2M2JjN2M0YzAiOnsiY3JlYXRlIjo5MDAwMDAwMDAwMDAsImRlbGV0ZSI6NjAwMDAwMDAwMDAwLCJ1cGRhdGUiOjYwMDAwMDAwMDAwMH19",
          "dependencies": [
            "google_compute_network.app-network",
            "google_service_networking_connection.private_vpc_connection",
            "google_sql_database_instance.app-sql"
          ]
        }
      ]
    },
    {
      "mode": "managed",
      "type": "google_sql_database_instance",
      "name": "app-sql",
      "provider": "provider[\"registry.terraform.io/hashicorp/google\"]",
      "instances": [
        {
          "schema_version": 0,
          "attributes": {
            "clone": [],
            "connection_name": "appsbroker-web-application:europe-west2:appsbroker-web-application-db10",
            "database_version": "MYSQL_8_0",
            "deletion_protection": false,
            "first_ip_address": "10.3.0.3",
            "id": "appsbroker-web-application-db10",
            "ip_address": [
              {
                "ip_address": "10.3.0.3",
                "time_to_retire": "",
                "type": "PRIVATE"
              }
            ],
            "master_instance_name": "",
            "name": "appsbroker-web-application-db10",
            "private_ip_address": "10.3.0.3",
            "project": "appsbroker-web-application",
            "public_ip_address": "",
            "region": "europe-west2",
            "replica_configuration": [],
            "restore_backup_context": [],
            "root_password": null,
            "self_link": "https://sqladmin.googleapis.com/sql/v1beta4/projects/appsbroker-web-application/instances/appsbroker-web-application-db10",
            "server_ca_cert": [
              {
                "cert": "-----BEGIN CERTIFICATE-----\nMIIDfzCCAmegAwIBAgIBADANBgkqhkiG9w0BAQsFADB3MS0wKwYDVQQuEyQ2MmFj\nMWY3Ni1mNDE0LTRlMTgtYmNjOC00NmU2NDYwYzMxNGIxIzAhBgNVBAMTGkdvb2ds\nZSBDbG91ZCBTUUwgU2VydmVyIENBMRQwEgYDVQQKEwtHb29nbGUsIEluYzELMAkG\nA1UEBhMCVVMwHhcNMjIwNjMwMDAyMDQ4WhcNMzIwNjI3MDAyMTQ4WjB3MS0wKwYD\nVQQuEyQ2MmFjMWY3Ni1mNDE0LTRlMTgtYmNjOC00NmU2NDYwYzMxNGIxIzAhBgNV\nBAMTGkdvb2dsZSBDbG91ZCBTUUwgU2VydmVyIENBMRQwEgYDVQQKEwtHb29nbGUs\nIEluYzELMAkGA1UEBhMCVVMwggEiMA0GCSqGSIb3DQEBAQUAA4IBDwAwggEKAoIB\nAQCPnbMcMs6/TolYb3xMGBHFgF7+bpR5nOkSn9lKYjOsONeCtIFguZR5/9FYZxti\nSv1TpkR+yl+rZlHbptTjtGS8eHHam7uufrxdXJ2tt96nxP9fEZxEmWuFQ/c2NesW\nuEBZqrnxprKRHBZ/M+QxHWLD3/gh/bLtnAYSHs0on7SGkoHtrtGEWy68YW/Y8Y7S\nbsMpPhOiftzlmgPanI9yIa325VbXZu9skkc4qadITad50WgmS/9LBcj9aapXxi26\nmz1FqGRZQBftOaw61ciaOcXgD9dS2btnSIN2uE7rjRLpHphvAFBXrvG9UEgRu4Mt\ncxQXYr/vbTmSGJhzg1fRN/yvAgMBAAGjFjAUMBIGA1UdEwEB/wQIMAYBAf8CAQAw\nDQYJKoZIhvcNAQELBQADggEBAHSaWQgjnumAQa+30bAxuQBx9rO5GG5VM72kAAo5\nXtYxzlNRJBXMdP3ASAVWnjRY0TTeYu35R9iokfN2jFWwWANceZ9nZbsp+wWcsH3j\nal5C/kNCQCTlv6RWR9LAiymYhnNySUofEwvOyTeIs5pz1hXalWHqgcFnPbDKcQrl\nxJXc6pKrB1Vij2giH7uO/yI5xj5ueHVTdcwdltNELQ7pujs2pdXLlwI1PGg8h0tf\nyqX0Il9EpkCiitjeY6Ka4ifTM+AYFWgj+57nn6FR+ivCgw+re2yySdgQDuoF3Yr/\nJDe2WjZyRZgCxbZEoqPpffxsRNyFip+jbby4GKtOJSSFfb0=\n-----END CERTIFICATE-----",
                "common_name": "C=US,O=Google\\, Inc,CN=Google Cloud SQL Server CA,dnQualifier=62ac1f76-f414-4e18-bcc8-46e6460c314b",
                "create_time": "2022-06-30T00:20:48.906Z",
                "expiration_time": "2032-06-27T00:21:48.906Z",
                "sha1_fingerprint": "1ff2dd63033ba1484ed3877e73d8c55b751ae754"
              }
            ],
            "service_account_email_address": "p883652296203-zzwquw@gcp-sa-cloud-sql.iam.gserviceaccount.com",
            "settings": [
              {
                "activation_policy": "ALWAYS",
                "availability_type": "ZONAL",
                "backup_configuration": [
                  {
                    "backup_retention_settings": [
                      {
                        "retained_backups": 7,
                        "retention_unit": "COUNT"
                      }
                    ],
                    "binary_log_enabled": false,
                    "enabled": false,
                    "location": "",
                    "point_in_time_recovery_enabled": false,
                    "start_time": "09:00",
                    "transaction_log_retention_days": 7
                  }
                ],
                "collation": "",
                "database_flags": [],
                "disk_autoresize": true,
                "disk_autoresize_limit": 0,
                "disk_size": 10,
                "disk_type": "PD_SSD",
                "insights_config": [],
                "ip_configuration": [
                  {
                    "authorized_networks": [],
                    "ipv4_enabled": false,
                    "private_network": "projects/appsbroker-web-application/global/networks/app-network",
                    "require_ssl": false
                  }
                ],
                "location_preference": [
                  {
                    "follow_gae_application": "",
                    "zone": "europe-west2-b"
                  }
                ],
                "maintenance_window": [],
                "pricing_plan": "PER_USE",
                "tier": "db-f1-micro",
                "user_labels": {},
                "version": 1
              }
            ],
            "timeouts": null
          },
          "sensitive_attributes": [],
          "private": "eyJlMmJmYjczMC1lY2FhLTExZTYtOGY4OC0zNDM2M2JjN2M0YzAiOnsiY3JlYXRlIjoxODAwMDAwMDAwMDAwLCJkZWxldGUiOjE4MDAwMDAwMDAwMDAsInVwZGF0ZSI6MTgwMDAwMDAwMDAwMH19",
          "dependencies": [
            "google_compute_network.app-network",
            "google_service_networking_connection.private_vpc_connection"
          ],
          "create_before_destroy": true
        }
      ]
    },
    {
      "mode": "managed",
      "type": "google_sql_user",
      "name": "root",
      "provider": "provider[\"registry.terraform.io/hashicorp/google\"]",
      "instances": [
        {
          "schema_version": 1,
          "attributes": {
            "deletion_policy": null,
            "host": "",
            "id": "root//appsbroker-web-application-db10",
            "instance": "appsbroker-web-application-db10",
            "name": "root",
            "password": "M:e2]czoMC3X6AGJ",
            "project": "appsbroker-web-application",
            "timeouts": null,
            "type": ""
          },
          "sensitive_attributes": [
            [
              {
                "type": "get_attr",
                "value": "password"
              }
            ]
          ],
          "private": "eyJlMmJmYjczMC1lY2FhLTExZTYtOGY4OC0zNDM2M2JjN2M0YzAiOnsiY3JlYXRlIjo2MDAwMDAwMDAwMDAsImRlbGV0ZSI6NjAwMDAwMDAwMDAwLCJ1cGRhdGUiOjYwMDAwMDAwMDAwMH0sInNjaGVtYV92ZXJzaW9uIjoiMSJ9",
          "dependencies": [
            "google_compute_network.app-network",
            "google_service_networking_connection.private_vpc_connection",
            "google_sql_database_instance.app-sql",
            "random_password.mysql_root"
          ]
        }
      ]
    },
    {
      "mode": "managed",
      "type": "random_password",
      "name": "mysql_root",
      "provider": "provider[\"registry.terraform.io/hashicorp/random\"]",
      "instances": [
        {
          "schema_version": 2,
          "attributes": {
            "bcrypt_hash": "$2a$10$4dPeQh8WuSOr/OYUjwMGpeMo5LivZuSFxcMa74C2FY2PN52bFMwi.",
            "id": "none",
            "keepers": null,
            "length": 16,
            "lower": true,
            "min_lower": 0,
            "min_numeric": 0,
            "min_special": 0,
            "min_upper": 0,
            "number": true,
            "numeric": true,
            "override_special": null,
            "result": "M:e2]czoMC3X6AGJ",
            "special": true,
            "upper": true
          },
          "sensitive_attributes": [],
          "private": "eyJzY2hlbWFfdmVyc2lvbiI6IjIifQ==",
          "create_before_destroy": true
        }
      ]
    },
    {
      "module": "module.lb-http",
      "mode": "managed",
      "type": "google_compute_backend_service",
      "name": "default",
      "provider": "provider[\"registry.terraform.io/hashicorp/google-beta\"]",
      "instances": [
        {
          "index_key": "default",
          "schema_version": 1,
          "attributes": {
            "affinity_cookie_ttl_sec": 0,
            "backend": [
              {
                "balancing_mode": "UTILIZATION",
                "capacity_scaler": 1,
                "description": "",
                "group": "https://www.googleapis.com/compute/v1/projects/appsbroker-web-application/regions/europe-west2/instanceGroups/app-flask-vm-mig",
                "max_connections": 0,
                "max_connections_per_endpoint": 0,
                "max_connections_per_instance": 0,
                "max_rate": 0,
                "max_rate_per_endpoint": 0,
                "max_rate_per_instance": 0,
                "max_utilization": 0
              }
            ],
            "cdn_policy": [],
            "circuit_breakers": [],
            "connection_draining_timeout_sec": 300,
            "consistent_hash": [],
            "creation_timestamp": "2022-06-29T17:33:48.251-07:00",
            "custom_request_headers": null,
            "custom_response_headers": null,
            "description": "",
            "enable_cdn": false,
            "fingerprint": "_-CpKW6hOLs=",
            "health_checks": [
              "https://www.googleapis.com/compute/v1/projects/appsbroker-web-application/global/healthChecks/app-network-lb-hc-default"
            ],
            "iap": [],
            "id": "projects/appsbroker-web-application/global/backendServices/app-network-lb-backend-default",
            "load_balancing_scheme": "EXTERNAL",
            "locality_lb_policy": "",
            "log_config": [
              {
                "enable": true,
                "sample_rate": 1
              }
            ],
            "name": "app-network-lb-backend-default",
            "outlier_detection": [],
            "port_name": "http",
            "project": "appsbroker-web-application",
            "protocol": "HTTP",
            "security_policy": "",
            "security_settings": [],
            "self_link": "https://www.googleapis.com/compute/v1/projects/appsbroker-web-application/global/backendServices/app-network-lb-backend-default",
            "session_affinity": "NONE",
            "timeout_sec": 10,
            "timeouts": null
          },
          "sensitive_attributes": [],
          "private": "eyJlMmJmYjczMC1lY2FhLTExZTYtOGY4OC0zNDM2M2JjN2M0YzAiOnsiY3JlYXRlIjoxMjAwMDAwMDAwMDAwLCJkZWxldGUiOjEyMDAwMDAwMDAwMDAsInVwZGF0ZSI6MTIwMDAwMDAwMDAwMH0sInNjaGVtYV92ZXJzaW9uIjoiMSJ9",
          "dependencies": [
            "google_compute_network.app-network",
            "google_secret_manager_secret.app-secret",
            "google_secret_manager_secret_version.app-secret-version",
            "google_service_account.service_account",
            "google_service_networking_connection.private_vpc_connection",
            "google_sql_database_instance.app-sql",
            "module.lb-http.google_compute_health_check.default",
            "module.mig.data.google_compute_zones.available",
            "module.mig.google_compute_health_check.http",
            "module.mig.google_compute_health_check.https",
            "module.mig.google_compute_health_check.tcp",
            "module.mig.google_compute_region_instance_group_manager.mig",
            "module.mig_template.google_compute_instance_template.tpl",
            "random_password.mysql_root"
          ]
        }
      ]
    },
    {
      "module": "module.lb-http",
      "mode": "managed",
      "type": "google_compute_firewall",
      "name": "default-hc",
      "provider": "provider[\"registry.terraform.io/hashicorp/google\"]",
      "instances": [
        {
          "index_key": 0,
          "schema_version": 1,
          "attributes": {
            "allow": [
              {
                "ports": [
                  "80"
                ],
                "protocol": "tcp"
              }
            ],
            "creation_timestamp": "2022-06-29T17:33:36.078-07:00",
            "deny": [],
            "description": "",
            "destination_ranges": [],
            "direction": "INGRESS",
            "disabled": false,
            "enable_logging": null,
            "id": "projects/appsbroker-web-application/global/firewalls/app-network-lb-hc-0",
            "log_config": [],
            "name": "app-network-lb-hc-0",
            "network": "https://www.googleapis.com/compute/v1/projects/appsbroker-web-application/global/networks/app-network",
            "priority": 1000,
            "project": "appsbroker-web-application",
            "self_link": "https://www.googleapis.com/compute/v1/projects/appsbroker-web-application/global/firewalls/app-network-lb-hc-0",
            "source_ranges": [
              "130.211.0.0/22",
              "35.191.0.0/16"
            ],
            "source_service_accounts": null,
            "source_tags": null,
            "target_service_accounts": null,
            "target_tags": [
              "app-network-router",
              "app-subnet"
            ],
            "timeouts": null
          },
          "sensitive_attributes": [],
          "private": "eyJlMmJmYjczMC1lY2FhLTExZTYtOGY4OC0zNDM2M2JjN2M0YzAiOnsiY3JlYXRlIjoyNDAwMDAwMDAwMDAsImRlbGV0ZSI6MjQwMDAwMDAwMDAwLCJ1cGRhdGUiOjI0MDAwMDAwMDAwMH0sInNjaGVtYV92ZXJzaW9uIjoiMSJ9",
          "dependencies": [
            "google_compute_network.app-network",
            "google_compute_router.app-router",
            "google_compute_subnetwork.app-subnet",
            "google_secret_manager_secret.app-secret",
            "google_secret_manager_secret_version.app-secret-version",
            "google_service_account.service_account",
            "google_service_networking_connection.private_vpc_connection",
            "google_sql_database_instance.app-sql",
            "module.mig.data.google_compute_zones.available",
            "module.mig.google_compute_health_check.http",
            "module.mig.google_compute_health_check.https",
            "module.mig.google_compute_health_check.tcp",
            "module.mig.google_compute_region_instance_group_manager.mig",
            "module.mig_template.google_compute_instance_template.tpl",
            "random_password.mysql_root"
          ]
        }
      ]
    },
    {
      "module": "module.lb-http",
      "mode": "managed",
      "type": "google_compute_global_address",
      "name": "default",
      "provider": "provider[\"registry.terraform.io/hashicorp/google\"]",
      "instances": [
        {
          "index_key": 0,
          "schema_version": 0,
          "attributes": {
            "address": "34.111.3.75",
            "address_type": "EXTERNAL",
            "creation_timestamp": "2022-06-29T17:16:25.230-07:00",
            "description": "",
            "id": "projects/appsbroker-web-application/global/addresses/app-network-lb-address",
            "ip_version": "",
            "name": "app-network-lb-address",
            "network": "",
            "prefix_length": 0,
            "project": "appsbroker-web-application",
            "purpose": "",
            "self_link": "https://www.googleapis.com/compute/v1/projects/appsbroker-web-application/global/addresses/app-network-lb-address",
            "timeouts": null
          },
          "sensitive_attributes": [],
          "private": "eyJlMmJmYjczMC1lY2FhLTExZTYtOGY4OC0zNDM2M2JjN2M0YzAiOnsiY3JlYXRlIjoyNDAwMDAwMDAwMDAsImRlbGV0ZSI6MjQwMDAwMDAwMDAwfX0="
        }
      ]
    },
    {
      "module": "module.lb-http",
      "mode": "managed",
      "type": "google_compute_global_forwarding_rule",
      "name": "http",
      "provider": "provider[\"registry.terraform.io/hashicorp/google\"]",
      "instances": [
        {
          "index_key": 0,
          "schema_version": 0,
          "attributes": {
            "description": "",
            "id": "projects/appsbroker-web-application/global/forwardingRules/app-network-lb",
            "ip_address": "34.111.3.75",
            "ip_protocol": "TCP",
            "ip_version": "",
            "label_fingerprint": "42WmSpB8rSM=",
            "labels": null,
            "load_balancing_scheme": "EXTERNAL",
            "metadata_filters": [],
            "name": "app-network-lb",
            "network": "",
            "port_range": "80",
            "project": "appsbroker-web-application",
            "self_link": "https://www.googleapis.com/compute/v1/projects/appsbroker-web-application/global/forwardingRules/app-network-lb",
            "target": "https://www.googleapis.com/compute/v1/projects/appsbroker-web-application/global/targetHttpProxies/app-network-lb-http-proxy",
            "timeouts": null
          },
          "sensitive_attributes": [],
          "private": "eyJlMmJmYjczMC1lY2FhLTExZTYtOGY4OC0zNDM2M2JjN2M0YzAiOnsiY3JlYXRlIjo2MDAwMDAwMDAwMDAsImRlbGV0ZSI6NjAwMDAwMDAwMDAwLCJ1cGRhdGUiOjYwMDAwMDAwMDAwMH19",
          "dependencies": [
            "google_compute_network.app-network",
            "google_secret_manager_secret.app-secret",
            "google_secret_manager_secret_version.app-secret-version",
            "google_service_account.service_account",
            "google_service_networking_connection.private_vpc_connection",
            "google_sql_database_instance.app-sql",
            "module.lb-http.google_compute_backend_service.default",
            "module.lb-http.google_compute_global_address.default",
            "module.lb-http.google_compute_health_check.default",
            "module.lb-http.google_compute_target_http_proxy.default",
            "module.lb-http.google_compute_url_map.default",
            "module.lb-http.google_compute_url_map.https_redirect",
            "module.mig.data.google_compute_zones.available",
            "module.mig.google_compute_health_check.http",
            "module.mig.google_compute_health_check.https",
            "module.mig.google_compute_health_check.tcp",
            "module.mig.google_compute_region_instance_group_manager.mig",
            "module.mig_template.google_compute_instance_template.tpl",
            "random_password.mysql_root"
          ]
        }
      ]
    },
    {
      "module": "module.lb-http",
      "mode": "managed",
      "type": "google_compute_health_check",
      "name": "default",
      "provider": "provider[\"registry.terraform.io/hashicorp/google-beta\"]",
      "instances": [
        {
          "index_key": "default",
          "schema_version": 0,
          "attributes": {
            "check_interval_sec": 5,
            "creation_timestamp": "2022-06-29T17:33:36.179-07:00",
            "description": "",
            "grpc_health_check": [],
            "healthy_threshold": 2,
            "http2_health_check": [],
            "http_health_check": [
              {
                "host": "",
                "port": 80,
                "port_name": "",
                "port_specification": "",
                "proxy_header": "NONE",
                "request_path": "/",
                "response": ""
              }
            ],
            "https_health_check": [],
            "id": "projects/appsbroker-web-application/global/healthChecks/app-network-lb-hc-default",
            "log_config": [
              {
                "enable": false
              }
            ],
            "name": "app-network-lb-hc-default",
            "project": "appsbroker-web-application",
            "self_link": "https://www.googleapis.com/compute/v1/projects/appsbroker-web-application/global/healthChecks/app-network-lb-hc-default",
            "ssl_health_check": [],
            "tcp_health_check": [],
            "timeout_sec": 5,
            "timeouts": null,
            "type": "HTTP",
            "unhealthy_threshold": 2
          },
          "sensitive_attributes": [],
          "private": "eyJlMmJmYjczMC1lY2FhLTExZTYtOGY4OC0zNDM2M2JjN2M0YzAiOnsiY3JlYXRlIjoxMjAwMDAwMDAwMDAwLCJkZWxldGUiOjEyMDAwMDAwMDAwMDAsInVwZGF0ZSI6MTIwMDAwMDAwMDAwMH19",
          "dependencies": [
            "google_compute_network.app-network",
            "google_secret_manager_secret.app-secret",
            "google_secret_manager_secret_version.app-secret-version",
            "google_service_account.service_account",
            "google_service_networking_connection.private_vpc_connection",
            "google_sql_database_instance.app-sql",
            "module.mig.data.google_compute_zones.available",
            "module.mig.google_compute_health_check.http",
            "module.mig.google_compute_health_check.https",
            "module.mig.google_compute_health_check.tcp",
            "module.mig.google_compute_region_instance_group_manager.mig",
            "module.mig_template.google_compute_instance_template.tpl",
            "random_password.mysql_root"
          ]
        }
      ]
    },
    {
      "module": "module.lb-http",
      "mode": "managed",
      "type": "google_compute_target_http_proxy",
      "name": "default",
      "provider": "provider[\"registry.terraform.io/hashicorp/google\"]",
      "instances": [
        {
          "index_key": 0,
          "schema_version": 0,
          "attributes": {
            "creation_timestamp": "2022-06-29T17:34:22.268-07:00",
            "description": "",
            "id": "projects/appsbroker-web-application/global/targetHttpProxies/app-network-lb-http-proxy",
            "name": "app-network-lb-http-proxy",
            "project": "appsbroker-web-application",
            "proxy_bind": false,
            "proxy_id": 2232371137140052321,
            "self_link": "https://www.googleapis.com/compute/v1/projects/appsbroker-web-application/global/targetHttpProxies/app-network-lb-http-proxy",
            "timeouts": null,
            "url_map": "https://www.googleapis.com/compute/v1/projects/appsbroker-web-application/global/urlMaps/app-network-lb-url-map"
          },
          "sensitive_attributes": [],
          "private": "eyJlMmJmYjczMC1lY2FhLTExZTYtOGY4OC0zNDM2M2JjN2M0YzAiOnsiY3JlYXRlIjoyNDAwMDAwMDAwMDAsImRlbGV0ZSI6MjQwMDAwMDAwMDAwLCJ1cGRhdGUiOjI0MDAwMDAwMDAwMH19",
          "dependencies": [
            "google_compute_network.app-network",
            "google_secret_manager_secret.app-secret",
            "google_secret_manager_secret_version.app-secret-version",
            "google_service_account.service_account",
            "google_service_networking_connection.private_vpc_connection",
            "google_sql_database_instance.app-sql",
            "module.lb-http.google_compute_backend_service.default",
            "module.lb-http.google_compute_health_check.default",
            "module.lb-http.google_compute_url_map.default",
            "module.lb-http.google_compute_url_map.https_redirect",
            "module.mig.data.google_compute_zones.available",
            "module.mig.google_compute_health_check.http",
            "module.mig.google_compute_health_check.https",
            "module.mig.google_compute_health_check.tcp",
            "module.mig.google_compute_region_instance_group_manager.mig",
            "module.mig_template.google_compute_instance_template.tpl",
            "random_password.mysql_root"
          ]
        }
      ]
    },
    {
      "module": "module.lb-http",
      "mode": "managed",
      "type": "google_compute_url_map",
      "name": "default",
      "provider": "provider[\"registry.terraform.io/hashicorp/google\"]",
      "instances": [
        {
          "index_key": 0,
          "schema_version": 0,
          "attributes": {
            "creation_timestamp": "2022-06-29T17:34:10.651-07:00",
            "default_route_action": [],
            "default_service": "https://www.googleapis.com/compute/v1/projects/appsbroker-web-application/global/backendServices/app-network-lb-backend-default",
            "default_url_redirect": [],
            "description": "",
            "fingerprint": "Ns0cG4Vh7eo=",
            "header_action": [],
            "host_rule": [],
            "id": "projects/appsbroker-web-application/global/urlMaps/app-network-lb-url-map",
            "map_id": 8636850464254677357,
            "name": "app-network-lb-url-map",
            "path_matcher": [],
            "project": "appsbroker-web-application",
            "self_link": "https://www.googleapis.com/compute/v1/projects/appsbroker-web-application/global/urlMaps/app-network-lb-url-map",
            "test": [],
            "timeouts": null
          },
          "sensitive_attributes": [],
          "private": "eyJlMmJmYjczMC1lY2FhLTExZTYtOGY4OC0zNDM2M2JjN2M0YzAiOnsiY3JlYXRlIjoyNDAwMDAwMDAwMDAsImRlbGV0ZSI6MjQwMDAwMDAwMDAwLCJ1cGRhdGUiOjI0MDAwMDAwMDAwMH19",
          "dependencies": [
            "google_compute_network.app-network",
            "google_secret_manager_secret.app-secret",
            "google_secret_manager_secret_version.app-secret-version",
            "google_service_account.service_account",
            "google_service_networking_connection.private_vpc_connection",
            "google_sql_database_instance.app-sql",
            "module.lb-http.google_compute_backend_service.default",
            "module.lb-http.google_compute_health_check.default",
            "module.mig.data.google_compute_zones.available",
            "module.mig.google_compute_health_check.http",
            "module.mig.google_compute_health_check.https",
            "module.mig.google_compute_health_check.tcp",
            "module.mig.google_compute_region_instance_group_manager.mig",
            "module.mig_template.google_compute_instance_template.tpl",
            "random_password.mysql_root"
          ]
        }
      ]
    },
    {
      "module": "module.mig",
      "mode": "data",
      "type": "google_compute_zones",
      "name": "available",
      "provider": "provider[\"registry.terraform.io/hashicorp/google\"]",
      "instances": [
        {
          "schema_version": 0,
          "attributes": {
            "id": "projects/appsbroker-web-application/regions/europe-west2",
            "names": [
              "europe-west2-a",
              "europe-west2-b",
              "europe-west2-c"
            ],
            "project": "appsbroker-web-application",
            "region": "europe-west2",
            "status": null
          },
          "sensitive_attributes": []
        }
      ]
    },
    {
      "module": "module.mig",
      "mode": "managed",
      "type": "google_compute_region_autoscaler",
      "name": "autoscaler",
      "provider": "provider[\"registry.terraform.io/hashicorp/google\"]",
      "instances": [
        {
          "index_key": 0,
          "schema_version": 0,
          "attributes": {
            "autoscaling_policy": [
              {
                "cooldown_period": 60,
                "cpu_utilization": [
                  {
                    "predictive_method": "NONE",
                    "target": 0.6
                  }
                ],
                "load_balancing_utilization": [],
                "max_replicas": 10,
                "metric": [],
                "min_replicas": 2,
                "mode": "ON",
                "scale_in_control": [],
                "scaling_schedules": []
              }
            ],
            "creation_timestamp": "2022-06-29T17:33:36.355-07:00",
            "description": "",
            "id": "projects/appsbroker-web-application/regions/europe-west2/autoscalers/app-flask-vm-autoscaler",
            "name": "app-flask-vm-autoscaler",
            "project": "appsbroker-web-application",
            "region": "https://www.googleapis.com/compute/v1/projects/appsbroker-web-application/regions/europe-west2",
            "self_link": "https://www.googleapis.com/compute/v1/projects/appsbroker-web-application/regions/europe-west2/autoscalers/app-flask-vm-autoscaler",
            "target": "https://www.googleapis.com/compute/v1/projects/appsbroker-web-application/regions/europe-west2/instanceGroupManagers/app-flask-vm-mig",
            "timeouts": null
          },
          "sensitive_attributes": [],
          "private": "eyJlMmJmYjczMC1lY2FhLTExZTYtOGY4OC0zNDM2M2JjN2M0YzAiOnsiY3JlYXRlIjoyNDAwMDAwMDAwMDAsImRlbGV0ZSI6MjQwMDAwMDAwMDAwLCJ1cGRhdGUiOjI0MDAwMDAwMDAwMH19",
          "dependencies": [
            "google_compute_network.app-network",
            "google_secret_manager_secret.app-secret",
            "google_secret_manager_secret_version.app-secret-version",
            "google_service_account.service_account",
            "google_service_networking_connection.private_vpc_connection",
            "google_sql_database_instance.app-sql",
            "module.mig.data.google_compute_zones.available",
            "module.mig.google_compute_health_check.http",
            "module.mig.google_compute_health_check.https",
            "module.mig.google_compute_health_check.tcp",
            "module.mig.google_compute_region_instance_group_manager.mig",
            "module.mig_template.google_compute_instance_template.tpl",
            "random_password.mysql_root"
          ]
        }
      ]
    },
    {
      "module": "module.mig",
      "mode": "managed",
      "type": "google_compute_region_instance_group_manager",
      "name": "mig",
      "provider": "provider[\"registry.terraform.io/hashicorp/google-beta\"]",
      "instances": [
        {
          "schema_version": 0,
          "attributes": {
            "auto_healing_policies": [],
            "base_instance_name": "app-flask-vm",
            "description": "",
            "distribution_policy_target_shape": "EVEN",
            "distribution_policy_zones": [
              "europe-west2-a",
              "europe-west2-b",
              "europe-west2-c"
            ],
            "fingerprint": "dCN-CLT7_18=",
            "id": "projects/appsbroker-web-application/regions/europe-west2/instanceGroupManagers/app-flask-vm-mig",
            "instance_group": "https://www.googleapis.com/compute/v1/projects/appsbroker-web-application/regions/europe-west2/instanceGroups/app-flask-vm-mig",
            "name": "app-flask-vm-mig",
            "named_port": [],
            "project": "appsbroker-web-application",
            "region": "europe-west2",
            "self_link": "https://www.googleapis.com/compute/v1/projects/appsbroker-web-application/regions/europe-west2/instanceGroupManagers/app-flask-vm-mig",
            "stateful_disk": [],
            "status": [
              {
                "is_stable": true,
                "stateful": [
                  {
                    "has_stateful_config": false,
                    "per_instance_configs": [
                      {
                        "all_effective": true
                      }
                    ]
                  }
                ],
                "version_target": [
                  {
                    "is_reached": true
                  }
                ]
              }
            ],
            "target_pools": null,
            "target_size": 0,
            "timeouts": {
              "create": "5m",
              "delete": "15m",
              "update": "5m"
            },
            "update_policy": [
              {
                "instance_redistribution_type": "PROACTIVE",
                "max_surge_fixed": 3,
                "max_surge_percent": 0,
                "max_unavailable_fixed": 3,
                "max_unavailable_percent": 0,
                "min_ready_sec": 0,
                "minimal_action": "REPLACE",
                "most_disruptive_allowed_action": "",
                "replacement_method": "SUBSTITUTE",
                "type": "OPPORTUNISTIC"
              }
            ],
            "version": [
              {
                "instance_template": "https://www.googleapis.com/compute/v1/projects/appsbroker-web-application/global/instanceTemplates/app-flask-vm-20220630003257895700000001",
                "name": "app-flask-vm-mig-version-0",
                "target_size": []
              }
            ],
            "wait_for_instances": false,
            "wait_for_instances_status": "STABLE"
          },
          "sensitive_attributes": [],
          "private": "eyJlMmJmYjczMC1lY2FhLTExZTYtOGY4OC0zNDM2M2JjN2M0YzAiOnsiY3JlYXRlIjozMDAwMDAwMDAwMDAsImRlbGV0ZSI6OTAwMDAwMDAwMDAwLCJ1cGRhdGUiOjMwMDAwMDAwMDAwMH19",
          "dependencies": [
            "google_compute_network.app-network",
            "google_secret_manager_secret.app-secret",
            "google_secret_manager_secret_version.app-secret-version",
            "google_service_account.service_account",
            "google_service_networking_connection.private_vpc_connection",
            "google_sql_database_instance.app-sql",
            "module.mig.data.google_compute_zones.available",
            "module.mig.google_compute_health_check.http",
            "module.mig.google_compute_health_check.https",
            "module.mig.google_compute_health_check.tcp",
            "module.mig_template.google_compute_instance_template.tpl",
            "random_password.mysql_root"
          ],
          "create_before_destroy": true
        }
      ]
    },
    {
      "module": "module.mig_template",
      "mode": "managed",
      "type": "google_compute_instance_template",
      "name": "tpl",
      "provider": "provider[\"registry.terraform.io/hashicorp/google\"]",
      "instances": [
        {
          "schema_version": 1,
          "attributes": {
            "advanced_machine_features": [
              {
                "enable_nested_virtualization": false,
                "threads_per_core": 0
              }
            ],
            "can_ip_forward": false,
            "confidential_instance_config": [
              {
                "enable_confidential_compute": false
              }
            ],
            "description": "",
            "disk": [
              {
                "auto_delete": true,
                "boot": true,
                "device_name": "persistent-disk-0",
                "disk_encryption_key": [],
                "disk_name": "",
                "disk_size_gb": 15,
                "disk_type": "pd-standard",
                "interface": "SCSI",
                "labels": null,
                "mode": "READ_WRITE",
                "resource_policies": null,
                "source": "",
                "source_image": "projects/ubuntu-os-cloud/global/images/family/ubuntu-minimal-2204-lts",
                "type": "PERSISTENT"
              }
            ],
            "guest_accelerator": [],
            "id": "projects/appsbroker-web-application/global/instanceTemplates/app-flask-vm-20220630003257895700000001",
            "instance_description": "",
            "labels": null,
            "machine_type": "e2-medium",
            "metadata": {
              "secret-id": "projects/883652296203/secrets/app-token/versions/1"
            },
            "metadata_fingerprint": "XKqDZkxQTBM=",
            "metadata_startup_script": "#!/bin/bash\n\nsudo apt-get update\nsudo apt -y install apache2\nsudo cat \u003c\u003cEOF \u003e /var/www/html/index.html\n\u003chtml\u003e\u003cbody\u003e\u003cp\u003eHello World!\u003c/p\u003e\u003c/body\u003e\u003c/html\u003e",
            "min_cpu_platform": "",
            "name": "app-flask-vm-20220630003257895700000001",
            "name_prefix": "app-flask-vm-",
            "network_interface": [
              {
                "access_config": [],
                "alias_ip_range": [],
                "ipv6_access_config": [],
                "ipv6_access_type": "",
                "name": "nic0",
                "network": "https://www.googleapis.com/compute/v1/projects/appsbroker-web-application/global/networks/app-network",
                "network_ip": "",
                "nic_type": "",
                "stack_type": "",
                "subnetwork": "https://www.googleapis.com/compute/v1/projects/appsbroker-web-application/regions/europe-west2/subnetworks/app-subnet",
                "subnetwork_project": "appsbroker-web-application"
              }
            ],
            "project": "appsbroker-web-application",
            "region": "europe-west2",
            "reservation_affinity": [],
            "scheduling": [
              {
                "automatic_restart": true,
                "min_node_cpus": 0,
                "node_affinities": [],
                "on_host_maintenance": "MIGRATE",
                "preemptible": false
              }
            ],
            "self_link": "https://www.googleapis.com/compute/v1/projects/appsbroker-web-application/global/instanceTemplates/app-flask-vm-20220630003257895700000001",
            "service_account": [
              {
                "email": "appsbroker-web-application-svc@appsbroker-web-application.iam.gserviceaccount.com",
                "scopes": [
                  "https://www.googleapis.com/auth/cloud-platform"
                ]
              }
            ],
            "shielded_instance_config": [],
            "tags": [
              "allow-http",
              "app-flask-vm"
            ],
            "tags_fingerprint": "",
            "timeouts": null
          },
          "sensitive_attributes": [],
          "private": "eyJlMmJmYjczMC1lY2FhLTExZTYtOGY4OC0zNDM2M2JjN2M0YzAiOnsiY3JlYXRlIjoyNDAwMDAwMDAwMDAsImRlbGV0ZSI6MjQwMDAwMDAwMDAwfSwic2NoZW1hX3ZlcnNpb24iOiIxIn0=",
          "dependencies": [
            "google_compute_network.app-network",
            "google_secret_manager_secret.app-secret",
            "google_secret_manager_secret_version.app-secret-version",
            "google_service_account.service_account",
            "google_service_networking_connection.private_vpc_connection",
            "google_sql_database_instance.app-sql",
            "random_password.mysql_root"
          ],
          "create_before_destroy": true
        }
      ]
    }
  ]
}
