{
  "version": 4,
  "terraform_version": "1.2.3",
  "serial": 60,
  "lineage": "faa386af-c3e7-1ae8-25fb-cb0790e23e4c",
  "outputs": {},
  "resources": [
    {
      "mode": "managed",
      "type": "google_compute_network",
      "name": "app-network",
      "provider": "provider[\"registry.terraform.io/hashicorp/google\"]",
      "instances": [
        {
          "schema_version": 0,
          "attributes": {
            "auto_create_subnetworks": false,
            "delete_default_routes_on_create": false,
            "description": "",
            "gateway_ipv4": "",
            "id": "projects/appsbroker-web-application/global/networks/app-network",
            "mtu": 0,
            "name": "app-network",
            "project": "appsbroker-web-application",
            "routing_mode": "REGIONAL",
            "self_link": "https://www.googleapis.com/compute/v1/projects/appsbroker-web-application/global/networks/app-network",
            "timeouts": null
          },
          "sensitive_attributes": [],
          "private": "eyJlMmJmYjczMC1lY2FhLTExZTYtOGY4OC0zNDM2M2JjN2M0YzAiOnsiY3JlYXRlIjoyNDAwMDAwMDAwMDAsImRlbGV0ZSI6MjQwMDAwMDAwMDAwLCJ1cGRhdGUiOjI0MDAwMDAwMDAwMH19",
          "create_before_destroy": true
        }
      ]
    },
    {
      "mode": "managed",
      "type": "google_compute_subnetwork",
      "name": "app-subnet",
      "provider": "provider[\"registry.terraform.io/hashicorp/google\"]",
      "instances": [
        {
          "schema_version": 0,
          "attributes": {
            "creation_timestamp": "2022-06-25T05:31:02.404-07:00",
            "description": "",
            "external_ipv6_prefix": "",
            "fingerprint": null,
            "gateway_address": "10.10.10.1",
            "id": "projects/appsbroker-web-application/regions/europe-west2/subnetworks/votr-subnet",
            "ip_cidr_range": "10.10.10.0/24",
            "ipv6_access_type": "",
            "ipv6_cidr_range": "",
            "log_config": [],
            "name": "votr-subnet",
            "network": "https://www.googleapis.com/compute/v1/projects/appsbroker-web-application/global/networks/app-network",
            "private_ip_google_access": false,
            "private_ipv6_google_access": "DISABLE_GOOGLE_ACCESS",
            "project": "appsbroker-web-application",
            "purpose": "PRIVATE",
            "region": "europe-west2",
            "role": "",
            "secondary_ip_range": [],
            "self_link": "https://www.googleapis.com/compute/v1/projects/appsbroker-web-application/regions/europe-west2/subnetworks/votr-subnet",
            "stack_type": "IPV4_ONLY",
            "timeouts": null
          },
          "sensitive_attributes": [],
          "private": "eyJlMmJmYjczMC1lY2FhLTExZTYtOGY4OC0zNDM2M2JjN2M0YzAiOnsiY3JlYXRlIjozNjAwMDAwMDAwMDAsImRlbGV0ZSI6MzYwMDAwMDAwMDAwLCJ1cGRhdGUiOjM2MDAwMDAwMDAwMH19",
          "dependencies": [
            "google_compute_network.app-network"
          ]
        }
      ]
    },
    {
      "mode": "managed",
      "type": "google_service_networking_connection",
      "name": "private_vpc_connection",
      "provider": "provider[\"registry.terraform.io/hashicorp/google-beta\"]",
      "instances": [
        {
          "schema_version": 0,
          "attributes": {
            "id": "projects%2Fappsbroker-web-application%2Fglobal%2Fnetworks%2Fapp-network:servicenetworking.googleapis.com",
            "network": "projects/appsbroker-web-application/global/networks/app-network",
            "peering": "servicenetworking-googleapis-com",
            "reserved_peering_ranges": [
              "app-db-ip-address"
            ],
            "service": "servicenetworking.googleapis.com",
            "timeouts": null
          },
          "sensitive_attributes": [],
          "private": "eyJlMmJmYjczMC1lY2FhLTExZTYtOGY4OC0zNDM2M2JjN2M0YzAiOnsiY3JlYXRlIjo2MDAwMDAwMDAwMDAsImRlbGV0ZSI6NjAwMDAwMDAwMDAwLCJ1cGRhdGUiOjYwMDAwMDAwMDAwMH19",
          "dependencies": [
            "google_compute_global_address.private_ip_address",
            "google_compute_network.app-network"
          ],
          "create_before_destroy": true
        }
      ]
    },
    {
      "mode": "managed",
      "type": "google_sql_database_instance",
      "name": "app-sql",
      "provider": "provider[\"registry.terraform.io/hashicorp/google\"]",
      "instances": [
        {
          "schema_version": 0,
          "attributes": {
            "clone": [],
            "connection_name": "appsbroker-web-application:europe-west2:appsbroker-web-application-db1",
            "database_version": "MYSQL_8_0",
            "deletion_protection": true,
            "first_ip_address": "10.154.0.3",
            "id": "appsbroker-web-application-db1",
            "ip_address": [
              {
                "ip_address": "10.154.0.3",
                "time_to_retire": "",
                "type": "PRIVATE"
              }
            ],
            "master_instance_name": "",
            "name": "appsbroker-web-application-db1",
            "private_ip_address": "10.154.0.3",
            "project": "appsbroker-web-application",
            "public_ip_address": "",
            "region": "europe-west2",
            "replica_configuration": [],
            "restore_backup_context": [],
            "root_password": null,
            "self_link": "https://sqladmin.googleapis.com/sql/v1beta4/projects/appsbroker-web-application/instances/appsbroker-web-application-db1",
            "server_ca_cert": [
              {
                "cert": "-----BEGIN CERTIFICATE-----\nMIIDfzCCAmegAwIBAgIBADANBgkqhkiG9w0BAQsFADB3MS0wKwYDVQQuEyQ1ZWI2\nN2VlMS02NWVlLTRjZWItODA0My03MDk1MjNmODk2ODExIzAhBgNVBAMTGkdvb2ds\nZSBDbG91ZCBTUUwgU2VydmVyIENBMRQwEgYDVQQKEwtHb29nbGUsIEluYzELMAkG\nA1UEBhMCVVMwHhcNMjIwNjI1MTI0MTU5WhcNMzIwNjIyMTI0MjU5WjB3MS0wKwYD\nVQQuEyQ1ZWI2N2VlMS02NWVlLTRjZWItODA0My03MDk1MjNmODk2ODExIzAhBgNV\nBAMTGkdvb2dsZSBDbG91ZCBTUUwgU2VydmVyIENBMRQwEgYDVQQKEwtHb29nbGUs\nIEluYzELMAkGA1UEBhMCVVMwggEiMA0GCSqGSIb3DQEBAQUAA4IBDwAwggEKAoIB\nAQCJ9AJAo28aBXMJdUx4sFxh/pUQQMouTYCVhaLVo5PJ2Geqe6NpDXuXc0Hfkm5E\nVvB30Z9AuzRwgj1QCjA4O2kmmwauc+gdPuammb2ifPqSH3SvzeAFjHMuOiu6672u\nyo2mjTCON9re56Fdfdkcvfx4kraYRX5BvVvDgm4q9xBtqD+J1f0nJzaPvY06tO8s\njR+btG3wpOU7TQG+TruO4AwPrLJ0VyPQnJWM5IOoetvOHL+EwO69lHM+1iKX7bxi\n5hojuXApKELMkiNmCvRw6d2BH+zky5Oz4nvcCj/7+eLOyb9jCc0IMNjpZyL2ervu\n43F0O7OUO0sGt0Bx6rKbcjQnAgMBAAGjFjAUMBIGA1UdEwEB/wQIMAYBAf8CAQAw\nDQYJKoZIhvcNAQELBQADggEBAEmJ4MSfHVwA8eVdvEb9s9A0H4+TqnIO7tofFOXe\neRIEotmYOi2si7F7hj4daOtST/e8eIq6AQmBZCCdpeXYwwwF7HG/3iDQvsxoWU+3\nzgFgWQQUE00G+0RyHoTA+o9L/eUfJf0uR5Kgc36wL+LBOE10OzjO5Ly1dSCPzscc\nZHwrfXowN9kF3YAx/WAz4Hj621UpFkdFHhx1xoOOajzc+8a4NOKTrPlkrNitkYEP\ngGrqvyPABrkf4ZPRaTqnXNsVa2B9LgQXvD4K/ctAp8Oy1GCKpWvUlSDsYj9DrSGC\n+9QkmuZo06BWjvCzvEVwoHyfBebAMTYbn4ToOusevcQko4E=\n-----END CERTIFICATE-----",
                "common_name": "C=US,O=Google\\, Inc,CN=Google Cloud SQL Server CA,dnQualifier=5eb67ee1-65ee-4ceb-8043-709523f89681",
                "create_time": "2022-06-25T12:41:59.401Z",
                "expiration_time": "2032-06-22T12:42:59.401Z",
                "sha1_fingerprint": "2baa0ef37aafc004f5b65584347144a3a6b5b858"
              }
            ],
            "service_account_email_address": "p883652296203-x1fydk@gcp-sa-cloud-sql.iam.gserviceaccount.com",
            "settings": [
              {
                "activation_policy": "ALWAYS",
                "availability_type": "ZONAL",
                "backup_configuration": [
                  {
                    "backup_retention_settings": [
                      {
                        "retained_backups": 7,
                        "retention_unit": "COUNT"
                      }
                    ],
                    "binary_log_enabled": false,
                    "enabled": false,
                    "location": "",
                    "point_in_time_recovery_enabled": false,
                    "start_time": "01:00",
                    "transaction_log_retention_days": 7
                  }
                ],
                "collation": "",
                "database_flags": [],
                "disk_autoresize": true,
                "disk_autoresize_limit": 0,
                "disk_size": 10,
                "disk_type": "PD_SSD",
                "insights_config": [],
                "ip_configuration": [
                  {
                    "authorized_networks": [],
                    "ipv4_enabled": false,
                    "private_network": "projects/appsbroker-web-application/global/networks/app-network",
                    "require_ssl": false
                  }
                ],
                "location_preference": [
                  {
                    "follow_gae_application": "",
                    "zone": "europe-west2-b"
                  }
                ],
                "maintenance_window": [],
                "pricing_plan": "PER_USE",
                "tier": "db-f1-micro",
                "user_labels": {},
                "version": 1
              }
            ],
            "timeouts": null
          },
          "sensitive_attributes": [],
          "private": "eyJlMmJmYjczMC1lY2FhLTExZTYtOGY4OC0zNDM2M2JjN2M0YzAiOnsiY3JlYXRlIjoxODAwMDAwMDAwMDAwLCJkZWxldGUiOjE4MDAwMDAwMDAwMDAsInVwZGF0ZSI6MTgwMDAwMDAwMDAwMH19",
          "dependencies": [
            "google_compute_global_address.private_ip_address",
            "google_compute_network.app-network",
            "google_service_networking_connection.private_vpc_connection"
          ],
          "create_before_destroy": true
        }
      ]
    }
  ]
}
